<?xml version="1.0" encoding="utf-8"?>
<Project ToolsVersion="4.0" xmlns="http://schemas.microsoft.com/developer/msbuild/2003">
  <ItemGroup>
    <Filter Include="Source Files">
      <UniqueIdentifier>{5215a2ab-53be-47a5-891f-a5b340345291}</UniqueIdentifier>
      <Extensions>cpp;c;cxx;rc;def;r;odl;idl;hpj;bat</Extensions>
    </Filter>
    <Filter Include="Header Files">
      <UniqueIdentifier>{b15a140c-a833-4b39-a99d-87653687a2e2}</UniqueIdentifier>
      <Extensions>h;hpp;hxx;hm;inl</Extensions>
    </Filter>
    <Filter Include="Resource Files">
      <UniqueIdentifier>{b2cdb217-8e66-414f-a8a7-a9c534701f8d}</UniqueIdentifier>
      <Extensions>ico;cur;bmp;dlg;rc2;rct;bin;rgs;gif;jpg;jpeg;jpe</Extensions>
    </Filter>
  </ItemGroup>
  <ItemGroup>
    <ClCompile Include="BgDlg.cpp">
      <Filter>Source Files</Filter>
    </ClCompile>
    <ClCompile Include="CheckCardDlg.cpp">
      <Filter>Source Files</Filter>
    </ClCompile>
    <ClCompile Include="ChSelDlg.cpp">
      <Filter>Source Files</Filter>
    </ClCompile>
    <ClCompile Include="ComboBoxRange.cpp">
      <Filter>Source Files</Filter>
    </ClCompile>
    <ClCompile Include="DlgBarEx.cpp">
      <Filter>Source Files</Filter>
    </ClCompile>
    <ClCompile Include="DlgBarExBottomAcq.cpp">
      <Filter>Source Files</Filter>
    </ClCompile>
    <ClCompile Include="DlgBarExBottomPlay.cpp">
      <Filter>Source Files</Filter>
    </ClCompile>
    <ClCompile Include="DlgBarExTopChnSel.cpp">
      <Filter>Source Files</Filter>
    </ClCompile>
    <ClCompile Include="FftComplex.cpp">
      <Filter>Source Files</Filter>
    </ClCompile>
    <ClCompile Include="FftConfDlg.cpp">
      <Filter>Source Files</Filter>
    </ClCompile>
    <ClCompile Include="MainFrm.cpp">
      <Filter>Source Files</Filter>
    </ClCompile>
    <ClCompile Include="MarkDlg.cpp">
      <Filter>Source Files</Filter>
    </ClCompile>
    <ClCompile Include="MeasureAddDlg.cpp">
      <Filter>Source Files</Filter>
    </ClCompile>
    <ClCompile Include="MeasureDlg.cpp">
      <Filter>Source Files</Filter>
    </ClCompile>
    <ClCompile Include="MeasureEditDlg.cpp">
      <Filter>Source Files</Filter>
    </ClCompile>
    <ClCompile Include="MeasureItem.cpp">
      <Filter>Source Files</Filter>
    </ClCompile>
    <ClCompile Include="PhyCard.cpp">
      <Filter>Source Files</Filter>
    </ClCompile>
    <ClCompile Include="PlayBar.cpp">
      <Filter>Source Files</Filter>
    </ClCompile>
    <ClCompile Include="PopupPropertyDlg.cpp">
      <Filter>Source Files</Filter>
    </ClCompile>
    <ClCompile Include="PopupRightDlg.cpp">
      <Filter>Source Files</Filter>
    </ClCompile>
    <ClCompile Include="Product.cpp">
      <Filter>Source Files</Filter>
    </ClCompile>
    <ClCompile Include="Recorder.cpp">
      <Filter>Source Files</Filter>
    </ClCompile>
    <ClCompile Include="RecorderDoc.cpp">
      <Filter>Source Files</Filter>
    </ClCompile>
    <ClCompile Include="RecorderView.cpp">
      <Filter>Source Files</Filter>
    </ClCompile>
    <ClCompile Include="SaveAsDlg.cpp">
      <Filter>Source Files</Filter>
    </ClCompile>
    <ClCompile Include="SaveDlg.cpp">
      <Filter>Source Files</Filter>
    </ClCompile>
    <ClCompile Include="StdAfx.cpp">
      <Filter>Source Files</Filter>
    </ClCompile>
    <ClCompile Include="StoragePathDlg.cpp">
      <Filter>Source Files</Filter>
    </ClCompile>
    <ClCompile Include="VirtualCard.cpp">
      <Filter>Source Files</Filter>
    </ClCompile>
    <ClCompile Include="WatchDlg.cpp">
      <Filter>Source Files</Filter>
    </ClCompile>
    <ClCompile Include="WaveData.cpp">
      <Filter>Source Files</Filter>
    </ClCompile>
    <ClCompile Include="WndManage.cpp">
      <Filter>Source Files</Filter>
    </ClCompile>
    <ClCompile Include="ZoomDlg.cpp">
      <Filter>Source Files</Filter>
    </ClCompile>
  </ItemGroup>
  <ItemGroup>
    <ResourceCompile Include="Recorder.rc">
      <Filter>Source Files</Filter>
    </ResourceCompile>
  </ItemGroup>
  <ItemGroup>
    <ClInclude Include="BgDlg.h">
      <Filter>Header Files</Filter>
    </ClInclude>
    <ClInclude Include="CheckCardDlg.h">
      <Filter>Header Files</Filter>
    </ClInclude>
    <ClInclude Include="ChSelDlg.h">
      <Filter>Header Files</Filter>
    </ClInclude>
    <ClInclude Include="ComboBoxRange.h">
      <Filter>Header Files</Filter>
    </ClInclude>
    <ClInclude Include="DlgBarEx.h">
      <Filter>Header Files</Filter>
    </ClInclude>
    <ClInclude Include="DlgBarExBottomAcq.h">
      <Filter>Header Files</Filter>
    </ClInclude>
    <ClInclude Include="DlgBarExBottomPlay.h">
      <Filter>Header Files</Filter>
    </ClInclude>
    <ClInclude Include="DlgBarExTopChnSel.h">
      <Filter>Header Files</Filter>
    </ClInclude>
    <ClInclude Include="FftComplex.h">
      <Filter>Header Files</Filter>
    </ClInclude>
    <ClInclude Include="FftConfDlg.h">
      <Filter>Header Files</Filter>
    </ClInclude>
    <ClInclude Include="MainFrm.h">
      <Filter>Header Files</Filter>
    </ClInclude>
    <ClInclude Include="MarkDlg.h">
      <Filter>Header Files</Filter>
    </ClInclude>
    <ClInclude Include="MeasureAddDlg.h">
      <Filter>Header Files</Filter>
    </ClInclude>
    <ClInclude Include="MeasureDlg.h">
      <Filter>Header Files</Filter>
    </ClInclude>
    <ClInclude Include="MeasureEditDlg.h">
      <Filter>Header Files</Filter>
    </ClInclude>
    <ClInclude Include="MeasureItem.h">
      <Filter>Header Files</Filter>
    </ClInclude>
    <ClInclude Include="MyDef.h">
      <Filter>Header Files</Filter>
    </ClInclude>
    <ClInclude Include="PhyCard.h">
      <Filter>Header Files</Filter>
    </ClInclude>
    <ClInclude Include="PlayBar.h">
      <Filter>Header Files</Filter>
    </ClInclude>
    <ClInclude Include="PopupPropertyDlg.h">
      <Filter>Header Files</Filter>
    </ClInclude>
    <ClInclude Include="PopupRightDlg.h">
      <Filter>Header Files</Filter>
    </ClInclude>
    <ClInclude Include="Product.h">
      <Filter>Header Files</Filter>
    </ClInclude>
    <ClInclude Include="Recorder.h">
      <Filter>Header Files</Filter>
    </ClInclude>
    <ClInclude Include="RecorderDoc.h">
      <Filter>Header Files</Filter>
    </ClInclude>
    <ClInclude Include="RecorderView.h">
      <Filter>Header Files</Filter>
    </ClInclude>
    <ClInclude Include="Resource.h">
      <Filter>Header Files</Filter>
    </ClInclude>
    <ClInclude Include="SaveAsDlg.h">
      <Filter>Header Files</Filter>
    </ClInclude>
    <ClInclude Include="SaveDlg.h">
      <Filter>Header Files</Filter>
    </ClInclude>
    <ClInclude Include="StdAfx.h">
      <Filter>Header Files</Filter>
    </ClInclude>
    <ClInclude Include="StoragePathDlg.h">
      <Filter>Header Files</Filter>
    </ClInclude>
    <ClInclude Include="VirtualCard.h">
      <Filter>Header Files</Filter>
    </ClInclude>
    <ClInclude Include="WatchDlg.h">
      <Filter>Header Files</Filter>
    </ClInclude>
    <ClInclude Include="WaveData.h">
      <Filter>Header Files</Filter>
    </ClInclude>
    <ClInclude Include="WndManage.h">
      <Filter>Header Files</Filter>
    </ClInclude>
    <ClInclude Include="ZoomDlg.h">
      <Filter>Header Files</Filter>
    </ClInclude>
  </ItemGroup>
  <ItemGroup>
    <Image Include="res\bitmap1.bmp">
      <Filter>Resource Files</Filter>
    </Image>
    <Image Include="res\bmp00001.bmp">
      <Filter>Resource Files</Filter>
    </Image>
    <Image Include="res\bmp00002.bmp">
      <Filter>Resource Files</Filter>
    </Image>
    <Image Include="res\bmp00003.bmp">
      <Filter>Resource Files</Filter>
    </Image>
    <Image Include="res\bmp00004.bmp">
      <Filter>Resource Files</Filter>
    </Image>
    <Image Include="res\bmp00005.bmp">
      <Filter>Resource Files</Filter>
    </Image>
    <Image Include="res\bmp00006.bmp">
      <Filter>Resource Files</Filter>
    </Image>
    <Image Include="res\bmp00007.bmp">
      <Filter>Resource Files</Filter>
    </Image>
    <Image Include="res\bmp_clos.bmp">
      <Filter>Resource Files</Filter>
    </Image>
    <Image Include="res\bmp_mark.bmp">
      <Filter>Resource Files</Filter>
    </Image>
    <Image Include="res\bmp_play.bmp">
      <Filter>Resource Files</Filter>
    </Image>
    <Image Include="res\bmp_rest.bmp">
      <Filter>Resource Files</Filter>
    </Image>
    <Image Include="res\bmp_scal.bmp">
      <Filter>Resource Files</Filter>
    </Image>
    <Image Include="res\bmp_spee.bmp">
      <Filter>Resource Files</Filter>
    </Image>
    <Image Include="res\c.bmp">
      <Filter>Resource Files</Filter>
    </Image>
    <Image Include="res\Recorder.ico">
      <Filter>Resource Files</Filter>
    </Image>
    <Image Include="res\RecorderDoc.ico">
      <Filter>Resource Files</Filter>
    </Image>
    <Image Include="res\Toolbar.bmp">
      <Filter>Resource Files</Filter>
    </Image>
  </ItemGroup>
  <ItemGroup>
    <Text Include="ReadMe.txt" />
  </ItemGroup>
  <ItemGroup>
    <CustomBuild Include="res\cur00001.cur">
      <Filter>Resource Files</Filter>
    </CustomBuild>
    <CustomBuild Include="res\cur00002.cur">
      <Filter>Resource Files</Filter>
    </CustomBuild>
    <CustomBuild Include="res\cur00003.cur">
      <Filter>Resource Files</Filter>
    </CustomBuild>
    <CustomBuild Include="res\cur00004.cur">
      <Filter>Resource Files</Filter>
    </CustomBuild>
    <CustomBuild Include="res\cursor_m.cur">
      <Filter>Resource Files</Filter>
    </CustomBuild>
    <CustomBuild Include="res\cursor_z.cur">
      <Filter>Resource Files</Filter>
    </CustomBuild>
    <CustomBuild Include="res\Recorder.rc2">
      <Filter>Resource Files</Filter>
    </CustomBuild>
  </ItemGroup>
</Project>